<?xml version="1.0" encoding="utf-8"?>
<Project ToolsVersion="4.0" xmlns="http://schemas.microsoft.com/developer/msbuild/2003">
  <ItemGroup>
    <Filter Include="リソース ファイル">
      <UniqueIdentifier>{67DA6AB6-F800-4c08-8B7A-83BB121AAD01}</UniqueIdentifier>
      <Extensions>rc;ico;cur;bmp;dlg;rc2;rct;bin;rgs;gif;jpg;jpeg;jpe;resx;tiff;tif;png;wav;mfcribbon-ms</Extensions>
    </Filter>
    <Filter Include="Inc">
      <UniqueIdentifier>{93995380-89BD-4b04-88EB-625FBE52EBFB}</UniqueIdentifier>
      <Extensions>h;hh;hpp;hxx;h++;hm;inl;inc;ipp;xsd</Extensions>
    </Filter>
    <Filter Include="Src">
      <UniqueIdentifier>{4FC737F1-C7A5-4376-A066-2A32D752A2FF}</UniqueIdentifier>
      <Extensions>cpp;c;cc;cxx;c++;cppm;ixx;def;odl;idl;hpj;bat;asm;asmx</Extensions>
    </Filter>
    <Filter Include="DirectShow">
      <UniqueIdentifier>{080835f9-32c5-4174-a65d-6a4b69adcab0}</UniqueIdentifier>
    </Filter>
  </ItemGroup>
  <ItemGroup>
    <None Include="Inc\Direct3D9.inc">
      <Filter>Inc</Filter>
    </None>
    <None Include="packages.config" />
  </ItemGroup>
  <ItemGroup>
    <ClInclude Include="Inc\TextureLoader.h">
      <Filter>Inc</Filter>
    </ClInclude>
    <ClInclude Include="Src\pch.h">
      <Filter>Src</Filter>
    </ClInclude>
    <ClInclude Include="Inc\SpriteBatch9.h">
      <Filter>Inc</Filter>
    </ClInclude>
    <ClInclude Include="Inc\DirectXTK9.h">
      <Filter>Inc</Filter>
    </ClInclude>
    <ClInclude Include="Inc\SpriteFont.h">
      <Filter>Inc</Filter>
    </ClInclude>
    <ClInclude Include="Inc\DirectShow.h">
      <Filter>Inc</Filter>
    </ClInclude>
    <ClInclude Include="DirectShow\TextureRenderer.h">
      <Filter>DirectShow</Filter>
    </ClInclude>
    <ClInclude Include="DirectShow\ResourceRenderer.h">
      <Filter>DirectShow</Filter>
    </ClInclude>
    <ClInclude Include="DirectShow\MediaRenderer.h">
      <Filter>DirectShow</Filter>
    </ClInclude>
    <ClInclude Include="Inc\Camera.h">
      <Filter>Inc</Filter>
    </ClInclude>
    <ClInclude Include="Inc\Model.h">
      <Filter>Inc</Filter>
    </ClInclude>
    <ClInclude Include="Inc\SkinnedModel.h">
      <Filter>Inc</Filter>
    </ClInclude>
  </ItemGroup>
  <ItemGroup>
    <ClCompile Include="Src\pch.cpp">
      <Filter>Src</Filter>
    </ClCompile>
    <ClCompile Include="Src\TextureLoader.cpp">
      <Filter>Src</Filter>
    </ClCompile>
    <ClCompile Include="Src\SpriteBatch9.cpp">
      <Filter>Src</Filter>
    </ClCompile>
    <ClCompile Include="Src\SpriteFont.cpp">
      <Filter>Src</Filter>
    </ClCompile>
    <ClCompile Include="DirectShow\TextureRenderer.cpp">
      <Filter>DirectShow</Filter>
    </ClCompile>
    <ClCompile Include="DirectShow\MediaRenderer.cpp">
      <Filter>DirectShow</Filter>
    </ClCompile>
    <ClCompile Include="DirectShow\ResourceRenderer.cpp">
      <Filter>DirectShow</Filter>
    </ClCompile>
    <ClCompile Include="Src\Camera.cpp">
      <Filter>Src</Filter>
    </ClCompile>
    <ClCompile Include="Src\Model.cpp">
      <Filter>Src</Filter>
    </ClCompile>
    <ClCompile Include="Src\SkinnedModel.cpp">
      <Filter>Src</Filter>
    </ClCompile>
  </ItemGroup>
</Project>