<?xml version="1.0" encoding="utf-8"?>
<Project ToolsVersion="4.0" xmlns="http://schemas.microsoft.com/developer/msbuild/2003">
  <ItemGroup>
    <Manifest Include="Resource\settings.manifest" />
  </ItemGroup>
  <ItemGroup>
    <ClCompile Include="Base\GameBase.cpp" />
    <ClCompile Include="Base\Main.cpp" />
    <ClCompile Include="Base\pch.cpp" />
    <ClCompile Include="LossScene.cpp" />
    <ClCompile Include="OperationScene.cpp" />
    <ClCompile Include="RuleOperationScene.cpp" />
    <ClCompile Include="TutorialScene.cpp" />
    <ClCompile Include="WinScene.cpp" />
    <ClCompile Include="enemy_pattern.cpp" />
    <ClCompile Include="MainScene.cpp" />
    <ClCompile Include="TitleScene.cpp" />
  </ItemGroup>
  <ItemGroup>
    <ClInclude Include="Base\d3dx12.h" />
    <ClInclude Include="Base\dxtk.h" />
    <ClInclude Include="Base\DXTKHelpers.h" />
    <ClInclude Include="Base\GameBase.h" />
    <ClInclude Include="Base\pch.h" />
    <ClInclude Include="Base\StepTimer.h" />
    <ClInclude Include="DontDestroyOnLoad.h" />
    <ClInclude Include="LossScene.h" />
    <ClInclude Include="OperationScene.h" />
    <ClInclude Include="RuleOperationScene.h" />
    <ClInclude Include="TutorialScene.h" />
    <ClInclude Include="WinScene.h" />
    <ClInclude Include="enemy_pattern.h" />
    <ClInclude Include="MainScene.h" />
    <ClInclude Include="Scene.h" />
    <ClInclude Include="SceneFactory.h" />
    <ClInclude Include="TitleScene.h" />
    <ClInclude Include="defined.h" />
  </ItemGroup>
  <ItemGroup>
    <ResourceCompile Include="Resource\resource.rc" />
  </ItemGroup>
  <ItemGroup>
    <Image Include="Resource\directx.ico" />
  </ItemGroup>
  <ItemGroup>
    <None Include="packages.config" />
  </ItemGroup>
</Project>